// !$*UTF8*$!
{
	archiveVersion = 1;
	classes = {
	};
	objectVersion = 50;
	objects = {

/* Begin PBXBuildFile section */
		000DE44F7A4B389B47EDDB94 /* FirstpageViewModel.swift in Sources */ = {isa = PBXBuildFile; fileRef = 92B6149C73651CF19F101185 /* FirstpageViewModel.swift */; };
		0164C05FDC831EEF7037E3AC /* HelpnearbyreceivedView.swift in Sources */ = {isa = PBXBuildFile; fileRef = 2BF3A9FADF27F790A6A1FE25 /* HelpnearbyreceivedView.swift */; };
		018785923B03B735EE3722A8 /* NunitoRegular.ttf in Resources */ = {isa = PBXBuildFile; fileRef = 18EAE63E4A1EA16CD219F061 /* NunitoRegular.ttf */; };
		0402723F06C372C6991BD340 /* SmsTwoViewModel.swift in Sources */ = {isa = PBXBuildFile; fileRef = 58CB8B4E34906737508A5A1E /* SmsTwoViewModel.swift */; };
		045DB46E467EFDC85B49AB3E /* RowmakeafakecalCell.swift in Sources */ = {isa = PBXBuildFile; fileRef = A111C9CFD2740E4577CE9687 /* RowmakeafakecalCell.swift */; };
		172D354213A5CDFAB336DBA3 /* AllowlocationViewModel.swift in Sources */ = {isa = PBXBuildFile; fileRef = 9F56CBC01ABC2105208CA71D /* AllowlocationViewModel.swift */; };
		19C99446FDA473EF2F9E289A /* SignupView.swift in Sources */ = {isa = PBXBuildFile; fileRef = ACE6B2D9EA2D73F16D741A3F /* SignupView.swift */; };
		1FAF435C870B1A076E80834C /* LoginView.swift in Sources */ = {isa = PBXBuildFile; fileRef = 47DBAE3E14118C6D900C3327 /* LoginView.swift */; };
		30289F63D605E713D71F5CD6 /* HelpnearbyreceivedViewModel.swift in Sources */ = {isa = PBXBuildFile; fileRef = 6C28D96C4235CE1480EECB15 /* HelpnearbyreceivedViewModel.swift */; };
		387BD4B76B37047E97FE4FE1 /* RequiredemergencycontactsViewModel.swift in Sources */ = {isa = PBXBuildFile; fileRef = 964CF061524287EF8A432EE9 /* RequiredemergencycontactsViewModel.swift */; };
		3BB5A24AFD83804E41F9C5C6 /* MaphelpwantedViewModel.swift in Sources */ = {isa = PBXBuildFile; fileRef = 777F5DCEFBB356B0CB245054 /* MaphelpwantedViewModel.swift */; };
		3C0C70BFBE1CBA3194466934 /* InterMedium.ttf in Resources */ = {isa = PBXBuildFile; fileRef = D9FC87C4CB89F07C564A725F /* InterMedium.ttf */; };
		40365C3A285286CD9D9E6C19 /* LocationPermission.swift in Sources */ = {isa = PBXBuildFile; fileRef = 33539FD8441E3FD48817529F /* LocationPermission.swift */; };
		4080BCD3E78B7B66202A7261 /* HelpnearbyView.swift in Sources */ = {isa = PBXBuildFile; fileRef = F2BC2D5972AB88720E7B89C7 /* HelpnearbyView.swift */; };
		46AE08CA25B5E6190D94104B /* CustomDialogExtension.swift in Sources */ = {isa = PBXBuildFile; fileRef = DAB5B698B79A520652CD1998 /* CustomDialogExtension.swift */; };
		4E8BA855C66B0F7BFB58790E /* InterExtraBold.ttf in Resources */ = {isa = PBXBuildFile; fileRef = 61D994AC6CE2B2F45A4EEBF8 /* InterExtraBold.ttf */; };
		542DC7623BB5FC65D7F17AA7 /* RequiredemergencycontactsView.swift in Sources */ = {isa = PBXBuildFile; fileRef = EBBBACBB22CD854E74516DE1 /* RequiredemergencycontactsView.swift */; };
		5992AF2B4B5B4C4B12E192EA /* FirstpageView.swift in Sources */ = {isa = PBXBuildFile; fileRef = D0ED9E1429A01C7CC40A58AB /* FirstpageView.swift */; };
		5A522264414E2FBCDE80D186 /* NunitoBold.ttf in Resources */ = {isa = PBXBuildFile; fileRef = 566E0AB75C57480E04BD5517 /* NunitoBold.ttf */; };
		5B4C1E37E2D9E48E3F0D1F78 /* MediaPicker.swift in Sources */ = {isa = PBXBuildFile; fileRef = BFF50681FB7116E47E593B6E /* MediaPicker.swift */; };
		6282A12B61777908C65F6A99 /* CameraPermission.swift in Sources */ = {isa = PBXBuildFile; fileRef = 536E3E14C9D0D438FCB25124 /* CameraPermission.swift */; };
		65F04A8A5B4E84A4951BE64B /* ReportmodeOneViewModel.swift in Sources */ = {isa = PBXBuildFile; fileRef = 2297D10D10A5014D65A6BE35 /* ReportmodeOneViewModel.swift */; };
		680F13D5B5466C151C222ECD /* GalleryPermission.swift in Sources */ = {isa = PBXBuildFile; fileRef = 75854F9B765656B733E909C8 /* GalleryPermission.swift */; };
		724306652B29EA69E8023B65 /* LoginViewModel.swift in Sources */ = {isa = PBXBuildFile; fileRef = 33C96690768D647B2DE96198 /* LoginViewModel.swift */; };
		7449C7627D29E3D74EF2C422 /* HelpnearbyViewModel.swift in Sources */ = {isa = PBXBuildFile; fileRef = B98412EE393C84255697E1E9 /* HelpnearbyViewModel.swift */; };
		763BDA025AD0F8A0CF9CDBA7 /* SignupViewModel.swift in Sources */ = {isa = PBXBuildFile; fileRef = 57ECAB66B7A98C5C2FC015AE /* SignupViewModel.swift */; };
		7F44DBA127422A5D00171570 /* ActivityLoader.swift in Sources */ = {isa = PBXBuildFile; fileRef = 7F44DBA027422A5D00171570 /* ActivityLoader.swift */; };
		82A0D7FD13D1E17DA11A1104 /* InterRegular.ttf in Resources */ = {isa = PBXBuildFile; fileRef = 5A982A16D2023E0F9954FA3F /* InterRegular.ttf */; };
		8846A4738E92E42EDA3A5C12 /* HomeView.swift in Sources */ = {isa = PBXBuildFile; fileRef = A3DD326D3FCF25560668866E /* HomeView.swift */; };
		884F3E5127B0E65A00963FC4 /* RoundedCornersView.swift in Sources */ = {isa = PBXBuildFile; fileRef = 884F3E5027B0E65A00963FC4 /* RoundedCornersView.swift */; };
		8853052627718DC500B04E6F /* ViewExtension.swift in Sources */ = {isa = PBXBuildFile; fileRef = 8853052527718DC500B04E6F /* ViewExtension.swift */; };
		8853052A27718E2D00B04E6F /* EncodableExtension.swift in Sources */ = {isa = PBXBuildFile; fileRef = 8853052927718E2D00B04E6F /* EncodableExtension.swift */; };
		8853052C2771949600B04E6F /* UINavigationController.swift in Sources */ = {isa = PBXBuildFile; fileRef = 8853052B2771949600B04E6F /* UINavigationController.swift */; };
		88680D1C2775C601002E964F /* ViewportHelper.swift in Sources */ = {isa = PBXBuildFile; fileRef = 88680D1B2775C601002E964F /* ViewportHelper.swift */; };
		888CB47527686A000041116C /* APIExtensions.swift in Sources */ = {isa = PBXBuildFile; fileRef = 888CB47427686A000041116C /* APIExtensions.swift */; };
		88ED74EC272FFE6F0088E3EF /* Assets.xcassets in Resources */ = {isa = PBXBuildFile; fileRef = 88ED74EB272FFE6F0088E3EF /* Assets.xcassets */; };
		88ED74EF272FFE6F0088E3EF /* Preview Assets.xcassets in Resources */ = {isa = PBXBuildFile; fileRef = 88ED74EE272FFE6F0088E3EF /* Preview Assets.xcassets */; };
		88ED7500272FFECA0088E3EF /* Utilities.swift in Sources */ = {isa = PBXBuildFile; fileRef = 88ED74F7272FFECA0088E3EF /* Utilities.swift */; };
		88ED7501272FFECA0088E3EF /* AppConstants.swift in Sources */ = {isa = PBXBuildFile; fileRef = 88ED74F9272FFECA0088E3EF /* AppConstants.swift */; };
		88ED7503272FFECA0088E3EF /* APIManager.swift in Sources */ = {isa = PBXBuildFile; fileRef = 88ED74FD272FFECA0088E3EF /* APIManager.swift */; };
		88ED7504272FFECA0088E3EF /* AngelshotApp.swift in Sources */ = {isa = PBXBuildFile; fileRef = 88ED74FF272FFECA0088E3EF /* AngelshotApp.swift */; };
		8C7932FF9112ADA7ABB84D30 /* SmsTwoView.swift in Sources */ = {isa = PBXBuildFile; fileRef = 131D8ABAA9BEC09015871B84 /* SmsTwoView.swift */; };
		91B640C0BB6A4662448D567C /* StringScheme.swift in Sources */ = {isa = PBXBuildFile; fileRef = 165A361A6494C9B4A2869053 /* StringScheme.swift */; };
		972C0B0BD69A3FB63FED2E9C /* ReportmodeViewModel.swift in Sources */ = {isa = PBXBuildFile; fileRef = E4AAD8A5FEB4D61C3C78A544 /* ReportmodeViewModel.swift */; };
		9A7EEE9BC9BD5C7A999DD92D /* GoogleAuthentication.swift in Sources */ = {isa = PBXBuildFile; fileRef = CAE6DCFB9157BB563BF43646 /* GoogleAuthentication.swift */; };
		A053A4C1153ED8A7ABC9FE6E /* InterBlack.ttf in Resources */ = {isa = PBXBuildFile; fileRef = 218BEAB22AE87F049DBA2671 /* InterBlack.ttf */; };
		A05789B4EE4732B7D913F18F /* InitialmapViewModel.swift in Sources */ = {isa = PBXBuildFile; fileRef = 841FA93C8A9C1F13FC6052C2 /* InitialmapViewModel.swift */; };
		B011116D1B4103793A003D7B /* ProfileView.swift in Sources */ = {isa = PBXBuildFile; fileRef = 910E0F511850034131459074 /* ProfileView.swift */; };
		B10FECFE98A769D3C06BF597 /* SmsViewModel.swift in Sources */ = {isa = PBXBuildFile; fileRef = CDB786645E0C76432A693EF5 /* SmsViewModel.swift */; };
		B1D1BDCE9AD006B4CA5EF628 /* ReportmodeView.swift in Sources */ = {isa = PBXBuildFile; fileRef = 7686E3AACF50032F87550B41 /* ReportmodeView.swift */; };
		BDD0ECBA2E92C57919020B77 /* FBAuthentication.swift in Sources */ = {isa = PBXBuildFile; fileRef = DF32E4A46742F23DBE00574C /* FBAuthentication.swift */; };
		C10216A19758FE0CCB0F9B39 /* SmsView.swift in Sources */ = {isa = PBXBuildFile; fileRef = 79FD1F29A64FC09894A39417 /* SmsView.swift */; };
		C14AB89A5723B8A9B9132DE3 /* ReportmodeOneView.swift in Sources */ = {isa = PBXBuildFile; fileRef = D9DC22B2DD1C0A76889A8C88 /* ReportmodeOneView.swift */; };
		C1514027E48097CFBB9230CD /* InitialmapView.swift in Sources */ = {isa = PBXBuildFile; fileRef = CF27EA66AA2DFA80B81D8823 /* InitialmapView.swift */; };
		C40AB9F82754D79E006BC5D7 /* AppDelegate.swift in Sources */ = {isa = PBXBuildFile; fileRef = C40AB9F72754D79E006BC5D7 /* AppDelegate.swift */; };
		C7E103EED8DF3BC8C978A482 /* Validation.swift in Sources */ = {isa = PBXBuildFile; fileRef = 64017B44E534273C911B88A9 /* Validation.swift */; };
		CB2FB65AEBF7B0EFFF4D46BE /* InterBold.ttf in Resources */ = {isa = PBXBuildFile; fileRef = 892475A50AC72995868759D8 /* InterBold.ttf */; };
		CDE8F44CFE03D51864D62735 /* ColorConstants.swift in Sources */ = {isa = PBXBuildFile; fileRef = 307B80BEF66D732D4549E32A /* ColorConstants.swift */; };
		D3C8E42C40F3FEF41585E77F /* InterSemiBold.ttf in Resources */ = {isa = PBXBuildFile; fileRef = 78D19D3A938FCF818C586C20 /* InterSemiBold.ttf */; };
		D681215072E30FAA9FBF7C2C /* HomeViewModel.swift in Sources */ = {isa = PBXBuildFile; fileRef = F1672A43F3851D6FE80DAE0D /* HomeViewModel.swift */; };
		D8E5640BDF82449F2CCC6F33 /* GoogleMapView.swift in Sources */ = {isa = PBXBuildFile; fileRef = BD28EE82FA0373499032E9EF /* GoogleMapView.swift */; };
		DBA5BFE928C581951F2C864F /* FontScheme.swift in Sources */ = {isa = PBXBuildFile; fileRef = 74824C73F8F6394F77331C32 /* FontScheme.swift */; };
		ED95C149177B37F4905D5459 /* ProfileViewModel.swift in Sources */ = {isa = PBXBuildFile; fileRef = 0E38D74F01EF8F9CF4F389A4 /* ProfileViewModel.swift */; };
		EE37F7A5055006010BDA465B /* OptionalemergencycontactView.swift in Sources */ = {isa = PBXBuildFile; fileRef = E1A22963D4EE402ED8E12BB5 /* OptionalemergencycontactView.swift */; };
		F0625D69BC34908957E06653 /* OptionalemergencycontactViewModel.swift in Sources */ = {isa = PBXBuildFile; fileRef = D7A1DCBCAEEFF87390FC9285 /* OptionalemergencycontactViewModel.swift */; };
		F1ABFC9216F2E18066E42742 /* LocationManager.swift in Sources */ = {isa = PBXBuildFile; fileRef = 8474D82DE51280522758E6C0 /* LocationManager.swift */; };
		F3EEF9692987637D3510C308 /* InterLight.ttf in Resources */ = {isa = PBXBuildFile; fileRef = 9AEEB52B34785DFFF69C2B24 /* InterLight.ttf */; };
		F8697602F8790351EF9D6BD3 /* AllowlocationView.swift in Sources */ = {isa = PBXBuildFile; fileRef = E2A5643AB985181D6C56BA4F /* AllowlocationView.swift */; };
		FF112E748995F24AE75DC0F5 /* MaphelpwantedView.swift in Sources */ = {isa = PBXBuildFile; fileRef = 4813B18CCB3ACC82A4621BBB /* MaphelpwantedView.swift */; };
/* End PBXBuildFile section */

/* Begin PBXFileReference section */
		0E38D74F01EF8F9CF4F389A4 /* ProfileViewModel.swift */ = {isa = PBXFileReference; includeInIndex = 1; lastKnownFileType = sourcecode.swift; path = ProfileViewModel.swift; sourceTree = "<group>"; };
		131D8ABAA9BEC09015871B84 /* SmsTwoView.swift */ = {isa = PBXFileReference; includeInIndex = 1; lastKnownFileType = sourcecode.swift; path = SmsTwoView.swift; sourceTree = "<group>"; };
		165A361A6494C9B4A2869053 /* StringScheme.swift */ = {isa = PBXFileReference; includeInIndex = 1; lastKnownFileType = sourcecode.swift; path = StringScheme.swift; sourceTree = "<group>"; };
		18EAE63E4A1EA16CD219F061 /* NunitoRegular.ttf */ = {isa = PBXFileReference; includeInIndex = 1; path = NunitoRegular.ttf; sourceTree = "<group>"; };
		218BEAB22AE87F049DBA2671 /* InterBlack.ttf */ = {isa = PBXFileReference; includeInIndex = 1; path = InterBlack.ttf; sourceTree = "<group>"; };
		2297D10D10A5014D65A6BE35 /* ReportmodeOneViewModel.swift */ = {isa = PBXFileReference; includeInIndex = 1; lastKnownFileType = sourcecode.swift; path = ReportmodeOneViewModel.swift; sourceTree = "<group>"; };
		2BF3A9FADF27F790A6A1FE25 /* HelpnearbyreceivedView.swift */ = {isa = PBXFileReference; includeInIndex = 1; lastKnownFileType = sourcecode.swift; path = HelpnearbyreceivedView.swift; sourceTree = "<group>"; };
		307B80BEF66D732D4549E32A /* ColorConstants.swift */ = {isa = PBXFileReference; includeInIndex = 1; lastKnownFileType = sourcecode.swift; path = ColorConstants.swift; sourceTree = "<group>"; };
		33539FD8441E3FD48817529F /* LocationPermission.swift */ = {isa = PBXFileReference; includeInIndex = 1; lastKnownFileType = sourcecode.swift; path = LocationPermission.swift; sourceTree = "<group>"; };
		33C96690768D647B2DE96198 /* LoginViewModel.swift */ = {isa = PBXFileReference; includeInIndex = 1; lastKnownFileType = sourcecode.swift; path = LoginViewModel.swift; sourceTree = "<group>"; };
		47DBAE3E14118C6D900C3327 /* LoginView.swift */ = {isa = PBXFileReference; includeInIndex = 1; lastKnownFileType = sourcecode.swift; path = LoginView.swift; sourceTree = "<group>"; };
		4813B18CCB3ACC82A4621BBB /* MaphelpwantedView.swift */ = {isa = PBXFileReference; includeInIndex = 1; lastKnownFileType = sourcecode.swift; path = MaphelpwantedView.swift; sourceTree = "<group>"; };
		536E3E14C9D0D438FCB25124 /* CameraPermission.swift */ = {isa = PBXFileReference; includeInIndex = 1; lastKnownFileType = sourcecode.swift; path = CameraPermission.swift; sourceTree = "<group>"; };
		566E0AB75C57480E04BD5517 /* NunitoBold.ttf */ = {isa = PBXFileReference; includeInIndex = 1; path = NunitoBold.ttf; sourceTree = "<group>"; };
		57ECAB66B7A98C5C2FC015AE /* SignupViewModel.swift */ = {isa = PBXFileReference; includeInIndex = 1; lastKnownFileType = sourcecode.swift; path = SignupViewModel.swift; sourceTree = "<group>"; };
		58CB8B4E34906737508A5A1E /* SmsTwoViewModel.swift */ = {isa = PBXFileReference; includeInIndex = 1; lastKnownFileType = sourcecode.swift; path = SmsTwoViewModel.swift; sourceTree = "<group>"; };
		5A982A16D2023E0F9954FA3F /* InterRegular.ttf */ = {isa = PBXFileReference; includeInIndex = 1; path = InterRegular.ttf; sourceTree = "<group>"; };
		61D994AC6CE2B2F45A4EEBF8 /* InterExtraBold.ttf */ = {isa = PBXFileReference; includeInIndex = 1; path = InterExtraBold.ttf; sourceTree = "<group>"; };
		64017B44E534273C911B88A9 /* Validation.swift */ = {isa = PBXFileReference; includeInIndex = 1; lastKnownFileType = sourcecode.swift; path = Validation.swift; sourceTree = "<group>"; };
		6C28D96C4235CE1480EECB15 /* HelpnearbyreceivedViewModel.swift */ = {isa = PBXFileReference; includeInIndex = 1; lastKnownFileType = sourcecode.swift; path = HelpnearbyreceivedViewModel.swift; sourceTree = "<group>"; };
		74824C73F8F6394F77331C32 /* FontScheme.swift */ = {isa = PBXFileReference; includeInIndex = 1; lastKnownFileType = sourcecode.swift; path = FontScheme.swift; sourceTree = "<group>"; };
		75854F9B765656B733E909C8 /* GalleryPermission.swift */ = {isa = PBXFileReference; includeInIndex = 1; lastKnownFileType = sourcecode.swift; path = GalleryPermission.swift; sourceTree = "<group>"; };
		7686E3AACF50032F87550B41 /* ReportmodeView.swift */ = {isa = PBXFileReference; includeInIndex = 1; lastKnownFileType = sourcecode.swift; path = ReportmodeView.swift; sourceTree = "<group>"; };
		777F5DCEFBB356B0CB245054 /* MaphelpwantedViewModel.swift */ = {isa = PBXFileReference; includeInIndex = 1; lastKnownFileType = sourcecode.swift; path = MaphelpwantedViewModel.swift; sourceTree = "<group>"; };
		78D19D3A938FCF818C586C20 /* InterSemiBold.ttf */ = {isa = PBXFileReference; includeInIndex = 1; path = InterSemiBold.ttf; sourceTree = "<group>"; };
		79FD1F29A64FC09894A39417 /* SmsView.swift */ = {isa = PBXFileReference; includeInIndex = 1; lastKnownFileType = sourcecode.swift; path = SmsView.swift; sourceTree = "<group>"; };
		7F44DBA027422A5D00171570 /* ActivityLoader.swift */ = {isa = PBXFileReference; lastKnownFileType = sourcecode.swift; path = ActivityLoader.swift; sourceTree = "<group>"; };
		841FA93C8A9C1F13FC6052C2 /* InitialmapViewModel.swift */ = {isa = PBXFileReference; includeInIndex = 1; lastKnownFileType = sourcecode.swift; path = InitialmapViewModel.swift; sourceTree = "<group>"; };
		8474D82DE51280522758E6C0 /* LocationManager.swift */ = {isa = PBXFileReference; includeInIndex = 1; lastKnownFileType = sourcecode.swift; path = LocationManager.swift; sourceTree = "<group>"; };
		884F3E5027B0E65A00963FC4 /* RoundedCornersView.swift */ = {isa = PBXFileReference; lastKnownFileType = sourcecode.swift; path = RoundedCornersView.swift; sourceTree = "<group>"; };
		8853052527718DC500B04E6F /* ViewExtension.swift */ = {isa = PBXFileReference; lastKnownFileType = sourcecode.swift; path = ViewExtension.swift; sourceTree = "<group>"; };
		8853052927718E2D00B04E6F /* EncodableExtension.swift */ = {isa = PBXFileReference; lastKnownFileType = sourcecode.swift; path = EncodableExtension.swift; sourceTree = "<group>"; };
		8853052B2771949600B04E6F /* UINavigationController.swift */ = {isa = PBXFileReference; fileEncoding = 4; lastKnownFileType = sourcecode.swift; path = UINavigationController.swift; sourceTree = "<group>"; };
		88680D1B2775C601002E964F /* ViewportHelper.swift */ = {isa = PBXFileReference; lastKnownFileType = sourcecode.swift; path = ViewportHelper.swift; sourceTree = "<group>"; };
		888CB47427686A000041116C /* APIExtensions.swift */ = {isa = PBXFileReference; lastKnownFileType = sourcecode.swift; path = APIExtensions.swift; sourceTree = "<group>"; };
		88ED74E4272FFE6E0088E3EF /* Angelshot.app */ = {isa = PBXFileReference; explicitFileType = wrapper.application; includeInIndex = 0; path = Angelshot.app; sourceTree = BUILT_PRODUCTS_DIR; };
		88ED74EB272FFE6F0088E3EF /* Assets.xcassets */ = {isa = PBXFileReference; lastKnownFileType = folder.assetcatalog; path = Assets.xcassets; sourceTree = "<group>"; };
		88ED74EE272FFE6F0088E3EF /* Preview Assets.xcassets */ = {isa = PBXFileReference; lastKnownFileType = folder.assetcatalog; path = "Preview Assets.xcassets"; sourceTree = "<group>"; };
		88ED74F0272FFE6F0088E3EF /* Info.plist */ = {isa = PBXFileReference; lastKnownFileType = text.plist.xml; path = Info.plist; sourceTree = "<group>"; };
		88ED74F7272FFECA0088E3EF /* Utilities.swift */ = {isa = PBXFileReference; fileEncoding = 4; lastKnownFileType = sourcecode.swift; path = Utilities.swift; sourceTree = "<group>"; };
		88ED74F9272FFECA0088E3EF /* AppConstants.swift */ = {isa = PBXFileReference; fileEncoding = 4; lastKnownFileType = sourcecode.swift; path = AppConstants.swift; sourceTree = "<group>"; };
		88ED74FD272FFECA0088E3EF /* APIManager.swift */ = {isa = PBXFileReference; fileEncoding = 4; lastKnownFileType = sourcecode.swift; path = APIManager.swift; sourceTree = "<group>"; };
		88ED74FF272FFECA0088E3EF /* AngelshotApp.swift */ = {isa = PBXFileReference; fileEncoding = 4; lastKnownFileType = sourcecode.swift; path = AngelshotApp.swift; sourceTree = "<group>"; };
		892475A50AC72995868759D8 /* InterBold.ttf */ = {isa = PBXFileReference; includeInIndex = 1; path = InterBold.ttf; sourceTree = "<group>"; };
		910E0F511850034131459074 /* ProfileView.swift */ = {isa = PBXFileReference; includeInIndex = 1; lastKnownFileType = sourcecode.swift; path = ProfileView.swift; sourceTree = "<group>"; };
		92B6149C73651CF19F101185 /* FirstpageViewModel.swift */ = {isa = PBXFileReference; includeInIndex = 1; lastKnownFileType = sourcecode.swift; path = FirstpageViewModel.swift; sourceTree = "<group>"; };
		964CF061524287EF8A432EE9 /* RequiredemergencycontactsViewModel.swift */ = {isa = PBXFileReference; includeInIndex = 1; lastKnownFileType = sourcecode.swift; path = RequiredemergencycontactsViewModel.swift; sourceTree = "<group>"; };
		9AEEB52B34785DFFF69C2B24 /* InterLight.ttf */ = {isa = PBXFileReference; includeInIndex = 1; path = InterLight.ttf; sourceTree = "<group>"; };
		9F56CBC01ABC2105208CA71D /* AllowlocationViewModel.swift */ = {isa = PBXFileReference; includeInIndex = 1; lastKnownFileType = sourcecode.swift; path = AllowlocationViewModel.swift; sourceTree = "<group>"; };
		A111C9CFD2740E4577CE9687 /* RowmakeafakecalCell.swift */ = {isa = PBXFileReference; includeInIndex = 1; lastKnownFileType = sourcecode.swift; path = RowmakeafakecalCell.swift; sourceTree = "<group>"; };
		A3DD326D3FCF25560668866E /* HomeView.swift */ = {isa = PBXFileReference; includeInIndex = 1; lastKnownFileType = sourcecode.swift; path = HomeView.swift; sourceTree = "<group>"; };
		ACE6B2D9EA2D73F16D741A3F /* SignupView.swift */ = {isa = PBXFileReference; includeInIndex = 1; lastKnownFileType = sourcecode.swift; path = SignupView.swift; sourceTree = "<group>"; };
		B98412EE393C84255697E1E9 /* HelpnearbyViewModel.swift */ = {isa = PBXFileReference; includeInIndex = 1; lastKnownFileType = sourcecode.swift; path = HelpnearbyViewModel.swift; sourceTree = "<group>"; };
		BD28EE82FA0373499032E9EF /* GoogleMapView.swift */ = {isa = PBXFileReference; includeInIndex = 1; lastKnownFileType = sourcecode.swift; path = GoogleMapView.swift; sourceTree = "<group>"; };
		BFF50681FB7116E47E593B6E /* MediaPicker.swift */ = {isa = PBXFileReference; includeInIndex = 1; lastKnownFileType = sourcecode.swift; path = MediaPicker.swift; sourceTree = "<group>"; };
		C40AB9F72754D79E006BC5D7 /* AppDelegate.swift */ = {isa = PBXFileReference; fileEncoding = 4; lastKnownFileType = sourcecode.swift; path = AppDelegate.swift; sourceTree = "<group>"; };
		CAE6DCFB9157BB563BF43646 /* GoogleAuthentication.swift */ = {isa = PBXFileReference; includeInIndex = 1; lastKnownFileType = sourcecode.swift; path = GoogleAuthentication.swift; sourceTree = "<group>"; };
		CDB786645E0C76432A693EF5 /* SmsViewModel.swift */ = {isa = PBXFileReference; includeInIndex = 1; lastKnownFileType = sourcecode.swift; path = SmsViewModel.swift; sourceTree = "<group>"; };
		CF27EA66AA2DFA80B81D8823 /* InitialmapView.swift */ = {isa = PBXFileReference; includeInIndex = 1; lastKnownFileType = sourcecode.swift; path = InitialmapView.swift; sourceTree = "<group>"; };
		D0ED9E1429A01C7CC40A58AB /* FirstpageView.swift */ = {isa = PBXFileReference; includeInIndex = 1; lastKnownFileType = sourcecode.swift; path = FirstpageView.swift; sourceTree = "<group>"; };
		D7A1DCBCAEEFF87390FC9285 /* OptionalemergencycontactViewModel.swift */ = {isa = PBXFileReference; includeInIndex = 1; lastKnownFileType = sourcecode.swift; path = OptionalemergencycontactViewModel.swift; sourceTree = "<group>"; };
		D9DC22B2DD1C0A76889A8C88 /* ReportmodeOneView.swift */ = {isa = PBXFileReference; includeInIndex = 1; lastKnownFileType = sourcecode.swift; path = ReportmodeOneView.swift; sourceTree = "<group>"; };
		D9FC87C4CB89F07C564A725F /* InterMedium.ttf */ = {isa = PBXFileReference; includeInIndex = 1; path = InterMedium.ttf; sourceTree = "<group>"; };
		DAB5B698B79A520652CD1998 /* CustomDialogExtension.swift */ = {isa = PBXFileReference; includeInIndex = 1; lastKnownFileType = sourcecode.swift; path = CustomDialogExtension.swift; sourceTree = "<group>"; };
		DF32E4A46742F23DBE00574C /* FBAuthentication.swift */ = {isa = PBXFileReference; includeInIndex = 1; lastKnownFileType = sourcecode.swift; path = FBAuthentication.swift; sourceTree = "<group>"; };
		E1A22963D4EE402ED8E12BB5 /* OptionalemergencycontactView.swift */ = {isa = PBXFileReference; includeInIndex = 1; lastKnownFileType = sourcecode.swift; path = OptionalemergencycontactView.swift; sourceTree = "<group>"; };
		E2A5643AB985181D6C56BA4F /* AllowlocationView.swift */ = {isa = PBXFileReference; includeInIndex = 1; lastKnownFileType = sourcecode.swift; path = AllowlocationView.swift; sourceTree = "<group>"; };
		E4AAD8A5FEB4D61C3C78A544 /* ReportmodeViewModel.swift */ = {isa = PBXFileReference; includeInIndex = 1; lastKnownFileType = sourcecode.swift; path = ReportmodeViewModel.swift; sourceTree = "<group>"; };
		EBBBACBB22CD854E74516DE1 /* RequiredemergencycontactsView.swift */ = {isa = PBXFileReference; includeInIndex = 1; lastKnownFileType = sourcecode.swift; path = RequiredemergencycontactsView.swift; sourceTree = "<group>"; };
		F1672A43F3851D6FE80DAE0D /* HomeViewModel.swift */ = {isa = PBXFileReference; includeInIndex = 1; lastKnownFileType = sourcecode.swift; path = HomeViewModel.swift; sourceTree = "<group>"; };
		F2BC2D5972AB88720E7B89C7 /* HelpnearbyView.swift */ = {isa = PBXFileReference; includeInIndex = 1; lastKnownFileType = sourcecode.swift; path = HelpnearbyView.swift; sourceTree = "<group>"; };
/* End PBXFileReference section */

/* Begin PBXFrameworksBuildPhase section */
		88ED74E1272FFE6E0088E3EF /* Frameworks */ = {
			isa = PBXFrameworksBuildPhase;
			buildActionMask = 2147483647;
			files = (
			);
			runOnlyForDeploymentPostprocessing = 0;
		};
/* End PBXFrameworksBuildPhase section */

/* Begin PBXGroup section */
		1BD94FF77E63D0A0EF8D6F39 /* CustomDialogExtension */ = {
			isa = PBXGroup;
			children = (
				DAB5B698B79A520652CD1998 /* CustomDialogExtension.swift */,
			);
			name = CustomDialogExtension;
			path = CustomDialogExtension;
			sourceTree = "<group>";
		};
		1EC2061FC89D6F5920A6E312 /* Resources */ = {
			isa = PBXGroup;
			children = (
				EB1C8E1BA316E4EA76524F49 /* Fonts */,
			);
			name = Resources;
			path = Resources;
			sourceTree = "<group>";
		};
		3AEE1DCC748366B2A3BA97AE /* OptionalemergencycontactView */ = {
			isa = PBXGroup;
			children = (
				E1A22963D4EE402ED8E12BB5 /* OptionalemergencycontactView.swift */,
				D7A1DCBCAEEFF87390FC9285 /* OptionalemergencycontactViewModel.swift */,
			);
			name = OptionalemergencycontactView;
			path = OptionalemergencycontactView;
			sourceTree = "<group>";
		};
		46AE39409572E4BBFA00EFD6 /* MediaPicker */ = {
			isa = PBXGroup;
			children = (
				BFF50681FB7116E47E593B6E /* MediaPicker.swift */,
			);
			name = MediaPicker;
			path = MediaPicker;
			sourceTree = "<group>";
		};
		4D3A3E8C99AED03ADD71F384 /* ReportmodeOneView */ = {
			isa = PBXGroup;
			children = (
				D9DC22B2DD1C0A76889A8C88 /* ReportmodeOneView.swift */,
				2297D10D10A5014D65A6BE35 /* ReportmodeOneViewModel.swift */,
			);
			name = ReportmodeOneView;
			path = ReportmodeOneView;
			sourceTree = "<group>";
		};
		4D9F3AD68828827294CD6876 /* GoogleMapView */ = {
			isa = PBXGroup;
			children = (
				BD28EE82FA0373499032E9EF /* GoogleMapView.swift */,
				8474D82DE51280522758E6C0 /* LocationManager.swift */,
			);
			name = GoogleMapView;
			path = GoogleMapView;
			sourceTree = "<group>";
		};
		5171561BAEC4552263537AE3 /* HelpnearbyView */ = {
			isa = PBXGroup;
			children = (
				F2BC2D5972AB88720E7B89C7 /* HelpnearbyView.swift */,
				B98412EE393C84255697E1E9 /* HelpnearbyViewModel.swift */,
			);
			name = HelpnearbyView;
			path = HelpnearbyView;
			sourceTree = "<group>";
		};
		7393899A765E2F374958AB20 /* HomeView */ = {
			isa = PBXGroup;
			children = (
				A3DD326D3FCF25560668866E /* HomeView.swift */,
				88EDF5CE2EBBD43FBC581505 /* Cell */,
				F1672A43F3851D6FE80DAE0D /* HomeViewModel.swift */,
			);
			name = HomeView;
			path = HomeView;
			sourceTree = "<group>";
		};
		7D4D3B227B4FF81B122A3AB9 /* MaphelpwantedView */ = {
			isa = PBXGroup;
			children = (
				4813B18CCB3ACC82A4621BBB /* MaphelpwantedView.swift */,
				777F5DCEFBB356B0CB245054 /* MaphelpwantedViewModel.swift */,
			);
			name = MaphelpwantedView;
			path = MaphelpwantedView;
			sourceTree = "<group>";
		};
		7F44DB9E27422A4200171570 /* Helper */ = {
			isa = PBXGroup;
			children = (
				88680D1A2775C5BD002E964F /* Viewport */,
				7F44DB9F27422A4200171570 /* ActivityLoader */,
				92449BA129140DA315C6A45D /* FacebookAuthentication */,
				B228B2B2CB856341076780EB /* GoogleAuthentication */,
				46AE39409572E4BBFA00EFD6 /* MediaPicker */,
			);
			path = Helper;
			sourceTree = "<group>";
		};
		7F44DB9F27422A4200171570 /* ActivityLoader */ = {
			isa = PBXGroup;
			children = (
				7F44DBA027422A5D00171570 /* ActivityLoader.swift */,
			);
			path = ActivityLoader;
			sourceTree = "<group>";
		};
		865EE2B25436E68F3E32E2BE /* CustomViews */ = {
			isa = PBXGroup;
			children = (
				4D9F3AD68828827294CD6876 /* GoogleMapView */,
				1BD94FF77E63D0A0EF8D6F39 /* CustomDialogExtension */,
			);
			name = CustomViews;
			path = CustomViews;
			sourceTree = "<group>";
		};
		88680D1A2775C5BD002E964F /* Viewport */ = {
			isa = PBXGroup;
			children = (
				88680D1B2775C601002E964F /* ViewportHelper.swift */,
			);
			path = Viewport;
			sourceTree = "<group>";
		};
		88ED74DB272FFE6E0088E3EF = {
			isa = PBXGroup;
			children = (
				88ED74E6272FFE6E0088E3EF /* Angelshot */,
				88ED74E5272FFE6E0088E3EF /* Products */,
			);
			sourceTree = "<group>";
		};
		88ED74E5272FFE6E0088E3EF /* Products */ = {
			isa = PBXGroup;
			children = (
				88ED74E4272FFE6E0088E3EF /* Angelshot.app */,
			);
			name = Products;
			sourceTree = "<group>";
		};
		88ED74E6272FFE6E0088E3EF /* Angelshot */ = {
			isa = PBXGroup;
			children = (
				88ED74FC272FFECA0088E3EF /* Services */,
				88ED74FE272FFECA0088E3EF /* Application */,
				88ED74F8272FFECA0088E3EF /* Constants */,
				88ED74FA272FFECA0088E3EF /* Extensions */,
				88ED74F6272FFECA0088E3EF /* Utilities */,
				7F44DB9E27422A4200171570 /* Helper */,
				88ED74EB272FFE6F0088E3EF /* Assets.xcassets */,
				88ED74F0272FFE6F0088E3EF /* Info.plist */,
				88ED74ED272FFE6F0088E3EF /* Preview Content */,
				1EC2061FC89D6F5920A6E312 /* Resources */,
				C00BB5DCEC1ADFE4449D2BEA /* Views */,
				865EE2B25436E68F3E32E2BE /* CustomViews */,
			);
			path = Angelshot;
			sourceTree = "<group>";
		};
		88ED74ED272FFE6F0088E3EF /* Preview Content */ = {
			isa = PBXGroup;
			children = (
				88ED74EE272FFE6F0088E3EF /* Preview Assets.xcassets */,
			);
			path = "Preview Content";
			sourceTree = "<group>";
		};
		88ED74F6272FFECA0088E3EF /* Utilities */ = {
			isa = PBXGroup;
			children = (
				88ED74F7272FFECA0088E3EF /* Utilities.swift */,
				64017B44E534273C911B88A9 /* Validation.swift */,
				95A36264FC5A44AC1AEC9A83 /* Permissions */,
			);
			path = Utilities;
			sourceTree = "<group>";
		};
		88ED74F8272FFECA0088E3EF /* Constants */ = {
			isa = PBXGroup;
			children = (
				88ED74F9272FFECA0088E3EF /* AppConstants.swift */,
				165A361A6494C9B4A2869053 /* StringScheme.swift */,
				307B80BEF66D732D4549E32A /* ColorConstants.swift */,
				74824C73F8F6394F77331C32 /* FontScheme.swift */,
			);
			path = Constants;
			sourceTree = "<group>";
		};
		88ED74FA272FFECA0088E3EF /* Extensions */ = {
			isa = PBXGroup;
			children = (
				888CB47427686A000041116C /* APIExtensions.swift */,
				8853052527718DC500B04E6F /* ViewExtension.swift */,
				8853052B2771949600B04E6F /* UINavigationController.swift */,
				8853052927718E2D00B04E6F /* EncodableExtension.swift */,
				884F3E5027B0E65A00963FC4 /* RoundedCornersView.swift */,
			);
			path = Extensions;
			sourceTree = "<group>";
		};
		88ED74FC272FFECA0088E3EF /* Services */ = {
			isa = PBXGroup;
			children = (
				88ED74FD272FFECA0088E3EF /* APIManager.swift */,
			);
			path = Services;
			sourceTree = "<group>";
		};
		88ED74FE272FFECA0088E3EF /* Application */ = {
			isa = PBXGroup;
			children = (
				C40AB9F72754D79E006BC5D7 /* AppDelegate.swift */,
				88ED74FF272FFECA0088E3EF /* AngelshotApp.swift */,
			);
			path = Application;
			sourceTree = "<group>";
		};
		88EDF5CE2EBBD43FBC581505 /* Cell */ = {
			isa = PBXGroup;
			children = (
				A111C9CFD2740E4577CE9687 /* RowmakeafakecalCell.swift */,
			);
			name = Cell;
			path = Cell;
			sourceTree = "<group>";
		};
		900E3F04733DA4E020FBFAB9 /* InitialmapView */ = {
			isa = PBXGroup;
			children = (
				CF27EA66AA2DFA80B81D8823 /* InitialmapView.swift */,
				841FA93C8A9C1F13FC6052C2 /* InitialmapViewModel.swift */,
			);
			name = InitialmapView;
			path = InitialmapView;
			sourceTree = "<group>";
		};
		91BAA0AC28D04BCE92E69070 /* SmsTwoView */ = {
			isa = PBXGroup;
			children = (
				131D8ABAA9BEC09015871B84 /* SmsTwoView.swift */,
				58CB8B4E34906737508A5A1E /* SmsTwoViewModel.swift */,
			);
			name = SmsTwoView;
			path = SmsTwoView;
			sourceTree = "<group>";
		};
		92449BA129140DA315C6A45D /* FacebookAuthentication */ = {
			isa = PBXGroup;
			children = (
				DF32E4A46742F23DBE00574C /* FBAuthentication.swift */,
			);
			name = FacebookAuthentication;
			path = FacebookAuthentication;
			sourceTree = "<group>";
		};
		94C7248E7748ABE1D1E07F38 /* ReportmodeView */ = {
			isa = PBXGroup;
			children = (
				7686E3AACF50032F87550B41 /* ReportmodeView.swift */,
				E4AAD8A5FEB4D61C3C78A544 /* ReportmodeViewModel.swift */,
			);
			name = ReportmodeView;
			path = ReportmodeView;
			sourceTree = "<group>";
		};
		95A36264FC5A44AC1AEC9A83 /* Permissions */ = {
			isa = PBXGroup;
			children = (
				536E3E14C9D0D438FCB25124 /* CameraPermission.swift */,
				75854F9B765656B733E909C8 /* GalleryPermission.swift */,
				33539FD8441E3FD48817529F /* LocationPermission.swift */,
			);
			name = Permissions;
			path = Permissions;
			sourceTree = "<group>";
		};
		9E61F02E6801E6E265E51CE4 /* ProfileView */ = {
			isa = PBXGroup;
			children = (
				910E0F511850034131459074 /* ProfileView.swift */,
				0E38D74F01EF8F9CF4F389A4 /* ProfileViewModel.swift */,
			);
			name = ProfileView;
			path = ProfileView;
			sourceTree = "<group>";
		};
		B228B2B2CB856341076780EB /* GoogleAuthentication */ = {
			isa = PBXGroup;
			children = (
				CAE6DCFB9157BB563BF43646 /* GoogleAuthentication.swift */,
			);
			name = GoogleAuthentication;
			path = GoogleAuthentication;
			sourceTree = "<group>";
		};
		C00BB5DCEC1ADFE4449D2BEA /* Views */ = {
			isa = PBXGroup;
			children = (
				CDD1DA1262E4CFCF3461FEF2 /* FirstpageView */,
				F72FF3EFE010698AEEAD18F2 /* LoginView */,
				3AEE1DCC748366B2A3BA97AE /* OptionalemergencycontactView */,
				7393899A765E2F374958AB20 /* HomeView */,
				7D4D3B227B4FF81B122A3AB9 /* MaphelpwantedView */,
				5171561BAEC4552263537AE3 /* HelpnearbyView */,
				F147486DE266191B134A3610 /* SignupView */,
				E86A331CB7717034CB327375 /* AllowlocationView */,
				C0A53D3FA5FD8D87D44759F5 /* RequiredemergencycontactsView */,
				900E3F04733DA4E020FBFAB9 /* InitialmapView */,
				F9075F0508C71F153418DC17 /* SmsView */,
				91BAA0AC28D04BCE92E69070 /* SmsTwoView */,
				F746C1330789039D83A61D46 /* HelpnearbyreceivedView */,
				9E61F02E6801E6E265E51CE4 /* ProfileView */,
				94C7248E7748ABE1D1E07F38 /* ReportmodeView */,
				4D3A3E8C99AED03ADD71F384 /* ReportmodeOneView */,
			);
			name = Views;
			path = Views;
			sourceTree = "<group>";
		};
		C0A53D3FA5FD8D87D44759F5 /* RequiredemergencycontactsView */ = {
			isa = PBXGroup;
			children = (
				EBBBACBB22CD854E74516DE1 /* RequiredemergencycontactsView.swift */,
				964CF061524287EF8A432EE9 /* RequiredemergencycontactsViewModel.swift */,
			);
			name = RequiredemergencycontactsView;
			path = RequiredemergencycontactsView;
			sourceTree = "<group>";
		};
		CDD1DA1262E4CFCF3461FEF2 /* FirstpageView */ = {
			isa = PBXGroup;
			children = (
				D0ED9E1429A01C7CC40A58AB /* FirstpageView.swift */,
				92B6149C73651CF19F101185 /* FirstpageViewModel.swift */,
			);
			name = FirstpageView;
			path = FirstpageView;
			sourceTree = "<group>";
		};
		E86A331CB7717034CB327375 /* AllowlocationView */ = {
			isa = PBXGroup;
			children = (
				E2A5643AB985181D6C56BA4F /* AllowlocationView.swift */,
				9F56CBC01ABC2105208CA71D /* AllowlocationViewModel.swift */,
			);
			name = AllowlocationView;
			path = AllowlocationView;
			sourceTree = "<group>";
		};
		EB1C8E1BA316E4EA76524F49 /* Fonts */ = {
			isa = PBXGroup;
			children = (
				D9FC87C4CB89F07C564A725F /* InterMedium.ttf */,
				566E0AB75C57480E04BD5517 /* NunitoBold.ttf */,
				218BEAB22AE87F049DBA2671 /* InterBlack.ttf */,
				5A982A16D2023E0F9954FA3F /* InterRegular.ttf */,
				9AEEB52B34785DFFF69C2B24 /* InterLight.ttf */,
				892475A50AC72995868759D8 /* InterBold.ttf */,
				61D994AC6CE2B2F45A4EEBF8 /* InterExtraBold.ttf */,
				78D19D3A938FCF818C586C20 /* InterSemiBold.ttf */,
				18EAE63E4A1EA16CD219F061 /* NunitoRegular.ttf */,
			);
			name = Fonts;
			path = Fonts;
			sourceTree = "<group>";
		};
		F147486DE266191B134A3610 /* SignupView */ = {
			isa = PBXGroup;
			children = (
				ACE6B2D9EA2D73F16D741A3F /* SignupView.swift */,
				57ECAB66B7A98C5C2FC015AE /* SignupViewModel.swift */,
			);
			name = SignupView;
			path = SignupView;
			sourceTree = "<group>";
		};
		F72FF3EFE010698AEEAD18F2 /* LoginView */ = {
			isa = PBXGroup;
			children = (
				47DBAE3E14118C6D900C3327 /* LoginView.swift */,
				33C96690768D647B2DE96198 /* LoginViewModel.swift */,
			);
			name = LoginView;
			path = LoginView;
			sourceTree = "<group>";
		};
		F746C1330789039D83A61D46 /* HelpnearbyreceivedView */ = {
			isa = PBXGroup;
			children = (
				2BF3A9FADF27F790A6A1FE25 /* HelpnearbyreceivedView.swift */,
				6C28D96C4235CE1480EECB15 /* HelpnearbyreceivedViewModel.swift */,
			);
			name = HelpnearbyreceivedView;
			path = HelpnearbyreceivedView;
			sourceTree = "<group>";
		};
		F9075F0508C71F153418DC17 /* SmsView */ = {
			isa = PBXGroup;
			children = (
				79FD1F29A64FC09894A39417 /* SmsView.swift */,
				CDB786645E0C76432A693EF5 /* SmsViewModel.swift */,
			);
			name = SmsView;
			path = SmsView;
			sourceTree = "<group>";
		};
/* End PBXGroup section */

/* Begin PBXNativeTarget section */
		88ED74E3272FFE6E0088E3EF /* Angelshot */ = {
			isa = PBXNativeTarget;
			buildConfigurationList = 88ED74F3272FFE6F0088E3EF /* Build configuration list for PBXNativeTarget "Angelshot" */;
			buildPhases = (
				88ED74E0272FFE6E0088E3EF /* Sources */,
				88ED74E1272FFE6E0088E3EF /* Frameworks */,
				88ED74E2272FFE6E0088E3EF /* Resources */,
			);
			buildRules = (
			);
			dependencies = (
			);
			name = Angelshot;
			productName = Angelshot;
			productReference = 88ED74E4272FFE6E0088E3EF /* Angelshot.app */;
			productType = "com.apple.product-type.application";
		};
/* End PBXNativeTarget section */

/* Begin PBXProject section */
		88ED74DC272FFE6E0088E3EF /* Project object */ = {
			isa = PBXProject;
			attributes = {
				LastSwiftUpdateCheck = 1250;
				LastUpgradeCheck = 1250;
				TargetAttributes = {
					88ED74E3272FFE6E0088E3EF = {
						CreatedOnToolsVersion = 12.5;
					};
				};
			};
			buildConfigurationList = 88ED74DF272FFE6E0088E3EF /* Build configuration list for PBXProject "Angelshot" */;
			compatibilityVersion = "Xcode 9.3";
			developmentRegion = en;
			hasScannedForEncodings = 0;
			knownRegions = (
				en,
				Base,
			);
			mainGroup = 88ED74DB272FFE6E0088E3EF;
			productRefGroup = 88ED74E5272FFE6E0088E3EF /* Products */;
			projectDirPath = "";
			projectRoot = "";
			targets = (
				88ED74E3272FFE6E0088E3EF /* Angelshot */,
			);
		};
/* End PBXProject section */

/* Begin PBXResourcesBuildPhase section */
		88ED74E2272FFE6E0088E3EF /* Resources */ = {
			isa = PBXResourcesBuildPhase;
			buildActionMask = 2147483647;
			files = (
				88ED74EF272FFE6F0088E3EF /* Preview Assets.xcassets in Resources */,
				88ED74EC272FFE6F0088E3EF /* Assets.xcassets in Resources */,
				3C0C70BFBE1CBA3194466934 /* InterMedium.ttf in Resources */,
				5A522264414E2FBCDE80D186 /* NunitoBold.ttf in Resources */,
				A053A4C1153ED8A7ABC9FE6E /* InterBlack.ttf in Resources */,
				82A0D7FD13D1E17DA11A1104 /* InterRegular.ttf in Resources */,
				F3EEF9692987637D3510C308 /* InterLight.ttf in Resources */,
				CB2FB65AEBF7B0EFFF4D46BE /* InterBold.ttf in Resources */,
				4E8BA855C66B0F7BFB58790E /* InterExtraBold.ttf in Resources */,
				D3C8E42C40F3FEF41585E77F /* InterSemiBold.ttf in Resources */,
				018785923B03B735EE3722A8 /* NunitoRegular.ttf in Resources */,
			);
			runOnlyForDeploymentPostprocessing = 0;
		};
/* End PBXResourcesBuildPhase section */

/* Begin PBXSourcesBuildPhase section */
		88ED74E0272FFE6E0088E3EF /* Sources */ = {
			isa = PBXSourcesBuildPhase;
			buildActionMask = 2147483647;
			files = (
				888CB47527686A000041116C /* APIExtensions.swift in Sources */,
				8853052A27718E2D00B04E6F /* EncodableExtension.swift in Sources */,
				8853052C2771949600B04E6F /* UINavigationController.swift in Sources */,
				88ED7503272FFECA0088E3EF /* APIManager.swift in Sources */,
				7F44DBA127422A5D00171570 /* ActivityLoader.swift in Sources */,
				8853052627718DC500B04E6F /* ViewExtension.swift in Sources */,
				88ED7500272FFECA0088E3EF /* Utilities.swift in Sources */,
				88ED7504272FFECA0088E3EF /* AngelshotApp.swift in Sources */,
				C40AB9F82754D79E006BC5D7 /* AppDelegate.swift in Sources */,
				88680D1C2775C601002E964F /* ViewportHelper.swift in Sources */,
				88ED7501272FFECA0088E3EF /* AppConstants.swift in Sources */,
				884F3E5127B0E65A00963FC4 /* RoundedCornersView.swift in Sources */,
				91B640C0BB6A4662448D567C /* StringScheme.swift in Sources */,
				CDE8F44CFE03D51864D62735 /* ColorConstants.swift in Sources */,
				DBA5BFE928C581951F2C864F /* FontScheme.swift in Sources */,
				5992AF2B4B5B4C4B12E192EA /* FirstpageView.swift in Sources */,
				1FAF435C870B1A076E80834C /* LoginView.swift in Sources */,
				EE37F7A5055006010BDA465B /* OptionalemergencycontactView.swift in Sources */,
				8846A4738E92E42EDA3A5C12 /* HomeView.swift in Sources */,
				045DB46E467EFDC85B49AB3E /* RowmakeafakecalCell.swift in Sources */,
				FF112E748995F24AE75DC0F5 /* MaphelpwantedView.swift in Sources */,
				4080BCD3E78B7B66202A7261 /* HelpnearbyView.swift in Sources */,
				19C99446FDA473EF2F9E289A /* SignupView.swift in Sources */,
				F8697602F8790351EF9D6BD3 /* AllowlocationView.swift in Sources */,
				542DC7623BB5FC65D7F17AA7 /* RequiredemergencycontactsView.swift in Sources */,
				C1514027E48097CFBB9230CD /* InitialmapView.swift in Sources */,
				C10216A19758FE0CCB0F9B39 /* SmsView.swift in Sources */,
				8C7932FF9112ADA7ABB84D30 /* SmsTwoView.swift in Sources */,
				0164C05FDC831EEF7037E3AC /* HelpnearbyreceivedView.swift in Sources */,
				B011116D1B4103793A003D7B /* ProfileView.swift in Sources */,
				B1D1BDCE9AD006B4CA5EF628 /* ReportmodeView.swift in Sources */,
				C14AB89A5723B8A9B9132DE3 /* ReportmodeOneView.swift in Sources */,
				D8E5640BDF82449F2CCC6F33 /* GoogleMapView.swift in Sources */,
				F1ABFC9216F2E18066E42742 /* LocationManager.swift in Sources */,
				BDD0ECBA2E92C57919020B77 /* FBAuthentication.swift in Sources */,
				9A7EEE9BC9BD5C7A999DD92D /* GoogleAuthentication.swift in Sources */,
				5B4C1E37E2D9E48E3F0D1F78 /* MediaPicker.swift in Sources */,
				46AE08CA25B5E6190D94104B /* CustomDialogExtension.swift in Sources */,
				C7E103EED8DF3BC8C978A482 /* Validation.swift in Sources */,
				6282A12B61777908C65F6A99 /* CameraPermission.swift in Sources */,
				680F13D5B5466C151C222ECD /* GalleryPermission.swift in Sources */,
				40365C3A285286CD9D9E6C19 /* LocationPermission.swift in Sources */,
				D681215072E30FAA9FBF7C2C /* HomeViewModel.swift in Sources */,
				ED95C149177B37F4905D5459 /* ProfileViewModel.swift in Sources */,
				724306652B29EA69E8023B65 /* LoginViewModel.swift in Sources */,
				763BDA025AD0F8A0CF9CDBA7 /* SignupViewModel.swift in Sources */,
				7449C7627D29E3D74EF2C422 /* HelpnearbyViewModel.swift in Sources */,
				30289F63D605E713D71F5CD6 /* HelpnearbyreceivedViewModel.swift in Sources */,
				000DE44F7A4B389B47EDDB94 /* FirstpageViewModel.swift in Sources */,
				172D354213A5CDFAB336DBA3 /* AllowlocationViewModel.swift in Sources */,
				0402723F06C372C6991BD340 /* SmsTwoViewModel.swift in Sources */,
				3BB5A24AFD83804E41F9C5C6 /* MaphelpwantedViewModel.swift in Sources */,
				387BD4B76B37047E97FE4FE1 /* RequiredemergencycontactsViewModel.swift in Sources */,
				B10FECFE98A769D3C06BF597 /* SmsViewModel.swift in Sources */,
				A05789B4EE4732B7D913F18F /* InitialmapViewModel.swift in Sources */,
				F0625D69BC34908957E06653 /* OptionalemergencycontactViewModel.swift in Sources */,
				972C0B0BD69A3FB63FED2E9C /* ReportmodeViewModel.swift in Sources */,
				65F04A8A5B4E84A4951BE64B /* ReportmodeOneViewModel.swift in Sources */,
			);
			runOnlyForDeploymentPostprocessing = 0;
		};
/* End PBXSourcesBuildPhase section */

/* Begin XCBuildConfiguration section */
		88ED74F1272FFE6F0088E3EF /* Debug */ = {
			isa = XCBuildConfiguration;
			buildSettings = {
				ALWAYS_SEARCH_USER_PATHS = NO;
				CLANG_ANALYZER_NONNULL = YES;
				CLANG_ANALYZER_NUMBER_OBJECT_CONVERSION = YES_AGGRESSIVE;
				CLANG_CXX_LANGUAGE_STANDARD = "gnu++14";
				CLANG_CXX_LIBRARY = "libc++";
				CLANG_ENABLE_MODULES = YES;
				CLANG_ENABLE_OBJC_ARC = YES;
				CLANG_ENABLE_OBJC_WEAK = YES;
				CLANG_WARN_BLOCK_CAPTURE_AUTORELEASING = YES;
				CLANG_WARN_BOOL_CONVERSION = YES;
				CLANG_WARN_COMMA = YES;
				CLANG_WARN_CONSTANT_CONVERSION = YES;
				CLANG_WARN_DEPRECATED_OBJC_IMPLEMENTATIONS = YES;
				CLANG_WARN_DIRECT_OBJC_ISA_USAGE = YES_ERROR;
				CLANG_WARN_DOCUMENTATION_COMMENTS = YES;
				CLANG_WARN_EMPTY_BODY = YES;
				CLANG_WARN_ENUM_CONVERSION = YES;
				CLANG_WARN_INFINITE_RECURSION = YES;
				CLANG_WARN_INT_CONVERSION = YES;
				CLANG_WARN_NON_LITERAL_NULL_CONVERSION = YES;
				CLANG_WARN_OBJC_IMPLICIT_RETAIN_SELF = YES;
				CLANG_WARN_OBJC_LITERAL_CONVERSION = YES;
				CLANG_WARN_OBJC_ROOT_CLASS = YES_ERROR;
				CLANG_WARN_QUOTED_INCLUDE_IN_FRAMEWORK_HEADER = YES;
				CLANG_WARN_RANGE_LOOP_ANALYSIS = YES;
				CLANG_WARN_STRICT_PROTOTYPES = YES;
				CLANG_WARN_SUSPICIOUS_MOVE = YES;
				CLANG_WARN_UNGUARDED_AVAILABILITY = YES_AGGRESSIVE;
				CLANG_WARN_UNREACHABLE_CODE = YES;
				CLANG_WARN__DUPLICATE_METHOD_MATCH = YES;
				COPY_PHASE_STRIP = NO;
				DEBUG_INFORMATION_FORMAT = dwarf;
				ENABLE_STRICT_OBJC_MSGSEND = YES;
				ENABLE_TESTABILITY = YES;
				GCC_C_LANGUAGE_STANDARD = gnu11;
				GCC_DYNAMIC_NO_PIC = NO;
				GCC_NO_COMMON_BLOCKS = YES;
				GCC_OPTIMIZATION_LEVEL = 0;
				GCC_PREPROCESSOR_DEFINITIONS = (
					"DEBUG=1",
					"$(inherited)",
				);
				GCC_WARN_64_TO_32_BIT_CONVERSION = YES;
				GCC_WARN_ABOUT_RETURN_TYPE = YES_ERROR;
				GCC_WARN_UNDECLARED_SELECTOR = YES;
				GCC_WARN_UNINITIALIZED_AUTOS = YES_AGGRESSIVE;
				GCC_WARN_UNUSED_FUNCTION = YES;
				GCC_WARN_UNUSED_VARIABLE = YES;
				IPHONEOS_DEPLOYMENT_TARGET = 14.5;
				MTL_ENABLE_DEBUG_INFO = INCLUDE_SOURCE;
				MTL_FAST_MATH = YES;
				ONLY_ACTIVE_ARCH = YES;
				SDKROOT = iphoneos;
				SWIFT_ACTIVE_COMPILATION_CONDITIONS = DEBUG;
				SWIFT_OPTIMIZATION_LEVEL = "-Onone";
			};
			name = Debug;
		};
		88ED74F2272FFE6F0088E3EF /* Release */ = {
			isa = XCBuildConfiguration;
			buildSettings = {
				ALWAYS_SEARCH_USER_PATHS = NO;
				CLANG_ANALYZER_NONNULL = YES;
				CLANG_ANALYZER_NUMBER_OBJECT_CONVERSION = YES_AGGRESSIVE;
				CLANG_CXX_LANGUAGE_STANDARD = "gnu++14";
				CLANG_CXX_LIBRARY = "libc++";
				CLANG_ENABLE_MODULES = YES;
				CLANG_ENABLE_OBJC_ARC = YES;
				CLANG_ENABLE_OBJC_WEAK = YES;
				CLANG_WARN_BLOCK_CAPTURE_AUTORELEASING = YES;
				CLANG_WARN_BOOL_CONVERSION = YES;
				CLANG_WARN_COMMA = YES;
				CLANG_WARN_CONSTANT_CONVERSION = YES;
				CLANG_WARN_DEPRECATED_OBJC_IMPLEMENTATIONS = YES;
				CLANG_WARN_DIRECT_OBJC_ISA_USAGE = YES_ERROR;
				CLANG_WARN_DOCUMENTATION_COMMENTS = YES;
				CLANG_WARN_EMPTY_BODY = YES;
				CLANG_WARN_ENUM_CONVERSION = YES;
				CLANG_WARN_INFINITE_RECURSION = YES;
				CLANG_WARN_INT_CONVERSION = YES;
				CLANG_WARN_NON_LITERAL_NULL_CONVERSION = YES;
				CLANG_WARN_OBJC_IMPLICIT_RETAIN_SELF = YES;
				CLANG_WARN_OBJC_LITERAL_CONVERSION = YES;
				CLANG_WARN_OBJC_ROOT_CLASS = YES_ERROR;
				CLANG_WARN_QUOTED_INCLUDE_IN_FRAMEWORK_HEADER = YES;
				CLANG_WARN_RANGE_LOOP_ANALYSIS = YES;
				CLANG_WARN_STRICT_PROTOTYPES = YES;
				CLANG_WARN_SUSPICIOUS_MOVE = YES;
				CLANG_WARN_UNGUARDED_AVAILABILITY = YES_AGGRESSIVE;
				CLANG_WARN_UNREACHABLE_CODE = YES;
				CLANG_WARN__DUPLICATE_METHOD_MATCH = YES;
				COPY_PHASE_STRIP = NO;
				DEBUG_INFORMATION_FORMAT = "dwarf-with-dsym";
				ENABLE_NS_ASSERTIONS = NO;
				ENABLE_STRICT_OBJC_MSGSEND = YES;
				GCC_C_LANGUAGE_STANDARD = gnu11;
				GCC_NO_COMMON_BLOCKS = YES;
				GCC_WARN_64_TO_32_BIT_CONVERSION = YES;
				GCC_WARN_ABOUT_RETURN_TYPE = YES_ERROR;
				GCC_WARN_UNDECLARED_SELECTOR = YES;
				GCC_WARN_UNINITIALIZED_AUTOS = YES_AGGRESSIVE;
				GCC_WARN_UNUSED_FUNCTION = YES;
				GCC_WARN_UNUSED_VARIABLE = YES;
				IPHONEOS_DEPLOYMENT_TARGET = 14.5;
				MTL_ENABLE_DEBUG_INFO = NO;
				MTL_FAST_MATH = YES;
				SDKROOT = iphoneos;
				SWIFT_COMPILATION_MODE = wholemodule;
				SWIFT_OPTIMIZATION_LEVEL = "-O";
				VALIDATE_PRODUCT = YES;
			};
			name = Release;
		};
		88ED74F4272FFE6F0088E3EF /* Debug */ = {
			isa = XCBuildConfiguration;
			buildSettings = {
				ASSETCATALOG_COMPILER_APPICON_NAME = AppIcon;
				ASSETCATALOG_COMPILER_GLOBAL_ACCENT_COLOR_NAME = AccentColor;
				CODE_SIGN_STYLE = Automatic;
				DEVELOPMENT_ASSET_PATHS = "\"Angelshot/Preview Content\"";
				DEVELOPMENT_TEAM = "";
				ENABLE_PREVIEWS = YES;
				INFOPLIST_FILE = Angelshot/Info.plist;
				IPHONEOS_DEPLOYMENT_TARGET = 14.0;
				LD_RUNPATH_SEARCH_PATHS = (
					"$(inherited)",
					"@executable_path/Frameworks",
				);
				PRODUCT_BUNDLE_IDENTIFIER = com.angelshot.app;
				PRODUCT_NAME = "$(TARGET_NAME)";
				SWIFT_VERSION = 5.0;
				TARGETED_DEVICE_FAMILY = "1,2";
			};
			name = Debug;
		};
		88ED74F5272FFE6F0088E3EF /* Release */ = {
			isa = XCBuildConfiguration;
			buildSettings = {
				ASSETCATALOG_COMPILER_APPICON_NAME = AppIcon;
				ASSETCATALOG_COMPILER_GLOBAL_ACCENT_COLOR_NAME = AccentColor;
				CODE_SIGN_STYLE = Automatic;
				DEVELOPMENT_ASSET_PATHS = "\"Angelshot/Preview Content\"";
				DEVELOPMENT_TEAM = "";
				ENABLE_PREVIEWS = YES;
				INFOPLIST_FILE = Angelshot/Info.plist;
				IPHONEOS_DEPLOYMENT_TARGET = 14.0;
				LD_RUNPATH_SEARCH_PATHS = (
					"$(inherited)",
					"@executable_path/Frameworks",
				);
				PRODUCT_BUNDLE_IDENTIFIER = com.angelshot.app;
				PRODUCT_NAME = "$(TARGET_NAME)";
				SWIFT_VERSION = 5.0;
				TARGETED_DEVICE_FAMILY = "1,2";
			};
			name = Release;
		};
/* End XCBuildConfiguration section */

/* Begin XCConfigurationList section */
		88ED74DF272FFE6E0088E3EF /* Build configuration list for PBXProject "Angelshot" */ = {
			isa = XCConfigurationList;
			buildConfigurations = (
				88ED74F1272FFE6F0088E3EF /* Debug */,
				88ED74F2272FFE6F0088E3EF /* Release */,
			);
			defaultConfigurationIsVisible = 0;
			defaultConfigurationName = Release;
		};
		88ED74F3272FFE6F0088E3EF /* Build configuration list for PBXNativeTarget "Angelshot" */ = {
			isa = XCConfigurationList;
			buildConfigurations = (
				88ED74F4272FFE6F0088E3EF /* Debug */,
				88ED74F5272FFE6F0088E3EF /* Release */,
			);
			defaultConfigurationIsVisible = 0;
			defaultConfigurationName = Release;
		};
/* End XCConfigurationList section */
	};
	rootObject = 88ED74DC272FFE6E0088E3EF /* Project object */;
}
